PODS:
  - GoogleAds-IMA-iOS-SDK (3.20.0)

DEPENDENCIES:
  - GoogleAds-IMA-iOS-SDK (~> 3.20.0)

SPEC REPOS:
  trunk:
    - GoogleAds-IMA-iOS-SDK

SPEC CHECKSUMS:
  GoogleAds-IMA-iOS-SDK: f9a6bd69e34f6c3a2d6b2f7cd56814b78fc680f9

PODFILE CHECKSUM: 027892ac15430284eb2f88d868a32d635525a47e

COCOAPODS: 1.14.3
